
Microsoft Visual Studio Solution File, Format Version 12.00
# Visual Studio Version 17
VisualStudioVersion = 17.7.34024.191
MinimumVisualStudioVersion = 10.0.40219.1
Project("{FAE04EC0-301F-11D3-BF4B-00C04F79EFBC}") = "malovani", "malovani\malovani.csproj", "{A74BFB66-93B7-4862-815E-5C6B1C84990F}"
EndProject
Global
	GlobalSection(SolutionConfigurationPlatforms) = preSolution
		Debug|Any CPU = Debug|Any CPU
		Release|Any CPU = Release|Any CPU
	EndGlobalSection
	GlobalSection(ProjectConfigurationPlatforms) = postSolution
		{A74BFB66-93B7-4862-815E-5C6B1C84990F}.Debug|Any CPU.ActiveCfg = Debug|Any CPU
		{A74BFB66-93B7-4862-815E-5C6B1C84990F}.Debug|Any CPU.Build.0 = Debug|Any CPU
		{A74BFB66-93B7-4862-815E-5C6B1C84990F}.Release|Any CPU.ActiveCfg = Release|Any CPU
		{A74BFB66-93B7-4862-815E-5C6B1C84990F}.Release|Any CPU.Build.0 = Release|Any CPU
	EndGlobalSection
	GlobalSection(SolutionProperties) = preSolution
		HideSolutionNode = FALSE
	EndGlobalSection
	GlobalSection(ExtensibilityGlobals) = postSolution
		SolutionGuid = {5CD37765-5CAF-46FC-9F27-56EC7516A088}
	EndGlobalSection
EndGlobal
