
Microsoft Visual Studio Solution File, Format Version 12.00
# Visual Studio Version 17
VisualStudioVersion = 17.7.34024.191
MinimumVisualStudioVersion = 10.0.40219.1
Project("{FAE04EC0-301F-11D3-BF4B-00C04F79EFBC}") = "OPP_opakovani", "OPP_opakovani\OPP_opakovani.csproj", "{21668F76-8167-4A23-9512-5D3A18EAB0EA}"
EndProject
Global
	GlobalSection(SolutionConfigurationPlatforms) = preSolution
		Debug|Any CPU = Debug|Any CPU
		Release|Any CPU = Release|Any CPU
	EndGlobalSection
	GlobalSection(ProjectConfigurationPlatforms) = postSolution
		{21668F76-8167-4A23-9512-5D3A18EAB0EA}.Debug|Any CPU.ActiveCfg = Debug|Any CPU
		{21668F76-8167-4A23-9512-5D3A18EAB0EA}.Debug|Any CPU.Build.0 = Debug|Any CPU
		{21668F76-8167-4A23-9512-5D3A18EAB0EA}.Release|Any CPU.ActiveCfg = Release|Any CPU
		{21668F76-8167-4A23-9512-5D3A18EAB0EA}.Release|Any CPU.Build.0 = Release|Any CPU
	EndGlobalSection
	GlobalSection(SolutionProperties) = preSolution
		HideSolutionNode = FALSE
	EndGlobalSection
	GlobalSection(ExtensibilityGlobals) = postSolution
		SolutionGuid = {677F912A-AD26-41B1-8F9C-820EC44CA730}
	EndGlobalSection
EndGlobal
