
Microsoft Visual Studio Solution File, Format Version 12.00
# Visual Studio Version 17
VisualStudioVersion = 17.7.34024.191
MinimumVisualStudioVersion = 10.0.40219.1
Project("{FAE04EC0-301F-11D3-BF4B-00C04F79EFBC}") = "opakovani", "opakovani\opakovani.csproj", "{6AD1234C-B888-4581-8B4C-3BBA3B2DA988}"
EndProject
Global
	GlobalSection(SolutionConfigurationPlatforms) = preSolution
		Debug|Any CPU = Debug|Any CPU
		Release|Any CPU = Release|Any CPU
	EndGlobalSection
	GlobalSection(ProjectConfigurationPlatforms) = postSolution
		{6AD1234C-B888-4581-8B4C-3BBA3B2DA988}.Debug|Any CPU.ActiveCfg = Debug|Any CPU
		{6AD1234C-B888-4581-8B4C-3BBA3B2DA988}.Debug|Any CPU.Build.0 = Debug|Any CPU
		{6AD1234C-B888-4581-8B4C-3BBA3B2DA988}.Release|Any CPU.ActiveCfg = Release|Any CPU
		{6AD1234C-B888-4581-8B4C-3BBA3B2DA988}.Release|Any CPU.Build.0 = Release|Any CPU
	EndGlobalSection
	GlobalSection(SolutionProperties) = preSolution
		HideSolutionNode = FALSE
	EndGlobalSection
	GlobalSection(ExtensibilityGlobals) = postSolution
		SolutionGuid = {D174293D-AA18-4FC7-9C29-C9CA465BED84}
	EndGlobalSection
EndGlobal
