
Microsoft Visual Studio Solution File, Format Version 12.00
# Visual Studio Version 17
VisualStudioVersion = 17.7.34024.191
MinimumVisualStudioVersion = 10.0.40219.1
Project("{FAE04EC0-301F-11D3-BF4B-00C04F79EFBC}") = "BattleShip2", "BattleShip2\BattleShip2.csproj", "{5ADF16C5-AF8C-47DD-9332-B44C8157E01B}"
EndProject
Global
	GlobalSection(SolutionConfigurationPlatforms) = preSolution
		Debug|Any CPU = Debug|Any CPU
		Release|Any CPU = Release|Any CPU
	EndGlobalSection
	GlobalSection(ProjectConfigurationPlatforms) = postSolution
		{5ADF16C5-AF8C-47DD-9332-B44C8157E01B}.Debug|Any CPU.ActiveCfg = Debug|Any CPU
		{5ADF16C5-AF8C-47DD-9332-B44C8157E01B}.Debug|Any CPU.Build.0 = Debug|Any CPU
		{5ADF16C5-AF8C-47DD-9332-B44C8157E01B}.Release|Any CPU.ActiveCfg = Release|Any CPU
		{5ADF16C5-AF8C-47DD-9332-B44C8157E01B}.Release|Any CPU.Build.0 = Release|Any CPU
	EndGlobalSection
	GlobalSection(SolutionProperties) = preSolution
		HideSolutionNode = FALSE
	EndGlobalSection
	GlobalSection(ExtensibilityGlobals) = postSolution
		SolutionGuid = {35826520-443C-4780-B997-B36374EA1F13}
	EndGlobalSection
EndGlobal
